
Microsoft Visual Studio Solution File, Format Version 12.00
# Visual Studio 14
VisualStudioVersion = 14.0.25420.1
MinimumVisualStudioVersion = 10.0.40219.1
Project("{FAE04EC0-301F-11D3-BF4B-00C04F79EFBC}") = "FUJI.ListenerSCP.Servicio", "FUJI.ListenerSCP.Servicio\FUJI.ListenerSCP.Servicio.csproj", "{E21C0D1C-9A03-41AF-9815-A8169A85D4EB}"
EndProject
Project("{54435603-DBB4-11D2-8724-00A0C9A8B90C}") = "SetupListenerSCP", "SetupListenerSCP\SetupListenerSCP.vdproj", "{69AE4405-D9D1-4102-826E-3FC45B6DE970}"
EndProject
Global
	GlobalSection(SolutionConfigurationPlatforms) = preSolution
		Debug|Any CPU = Debug|Any CPU
		Release|Any CPU = Release|Any CPU
	EndGlobalSection
	GlobalSection(ProjectConfigurationPlatforms) = postSolution
		{E21C0D1C-9A03-41AF-9815-A8169A85D4EB}.Debug|Any CPU.ActiveCfg = Debug|Any CPU
		{E21C0D1C-9A03-41AF-9815-A8169A85D4EB}.Debug|Any CPU.Build.0 = Debug|Any CPU
		{E21C0D1C-9A03-41AF-9815-A8169A85D4EB}.Release|Any CPU.ActiveCfg = Release|Any CPU
		{E21C0D1C-9A03-41AF-9815-A8169A85D4EB}.Release|Any CPU.Build.0 = Release|Any CPU
		{69AE4405-D9D1-4102-826E-3FC45B6DE970}.Debug|Any CPU.ActiveCfg = Debug
		{69AE4405-D9D1-4102-826E-3FC45B6DE970}.Release|Any CPU.ActiveCfg = Release
	EndGlobalSection
	GlobalSection(SolutionProperties) = preSolution
		HideSolutionNode = FALSE
	EndGlobalSection
EndGlobal
